// !$*UTF8*$!
{
	archiveVersion = 1;
	classes = {
	};
	objectVersion = 46;
	objects = {

/* Begin PBXBuildFile section */
		138E934F216B31B5003DC7FA /* CommentsViewController.swift in Sources */ = {isa = PBXBuildFile; fileRef = 138E934E216B31B5003DC7FA /* CommentsViewController.swift */; };
		138E9354216C1B49003DC7FA /* extensions.swift in Sources */ = {isa = PBXBuildFile; fileRef = 138E9353216C1B49003DC7FA /* extensions.swift */; };
		138E9357216C1E58003DC7FA /* CommentView.swift in Sources */ = {isa = PBXBuildFile; fileRef = 138E9355216C1E58003DC7FA /* CommentView.swift */; };
		138E9358216C1E58003DC7FA /* CommentView.xib in Resources */ = {isa = PBXBuildFile; fileRef = 138E9356216C1E58003DC7FA /* CommentView.xib */; };
		13A3771F2167417A001EA8A2 /* ServerClient.swift in Sources */ = {isa = PBXBuildFile; fileRef = 13A3771E2167417A001EA8A2 /* ServerClient.swift */; };
		13A5CC802166E5B10026F7C7 /* Response.swift in Sources */ = {isa = PBXBuildFile; fileRef = 13A5CC7F2166E5B00026F7C7 /* Response.swift */; };
		13AE7A402165F182003C898A /* AppDelegate.swift in Sources */ = {isa = PBXBuildFile; fileRef = 13AE7A3F2165F182003C898A /* AppDelegate.swift */; };
		13AE7A422165F182003C898A /* ViewController.swift in Sources */ = {isa = PBXBuildFile; fileRef = 13AE7A412165F182003C898A /* ViewController.swift */; };
		13AE7A452165F182003C898A /* Main.storyboard in Resources */ = {isa = PBXBuildFile; fileRef = 13AE7A432165F182003C898A /* Main.storyboard */; };
		13AE7A472165F182003C898A /* Assets.xcassets in Resources */ = {isa = PBXBuildFile; fileRef = 13AE7A462165F182003C898A /* Assets.xcassets */; };
		13AE7A4A2165F182003C898A /* LaunchScreen.storyboard in Resources */ = {isa = PBXBuildFile; fileRef = 13AE7A482165F182003C898A /* LaunchScreen.storyboard */; };
		13AE7A532165F346003C898A /* ActionType.swift in Sources */ = {isa = PBXBuildFile; fileRef = 13AE7A522165F346003C898A /* ActionType.swift */; };
		13AE7A552165F8BF003C898A /* Comment.swift in Sources */ = {isa = PBXBuildFile; fileRef = 13AE7A542165F8BF003C898A /* Comment.swift */; };
		13AE7A572165FBE7003C898A /* Post.swift in Sources */ = {isa = PBXBuildFile; fileRef = 13AE7A562165FBE7003C898A /* Post.swift */; };
		13AE7A5921660074003C898A /* UtilityBelt.swift in Sources */ = {isa = PBXBuildFile; fileRef = 13AE7A5821660074003C898A /* UtilityBelt.swift */; };
		13AE7A5B21660522003C898A /* User.swift in Sources */ = {isa = PBXBuildFile; fileRef = 13AE7A5A21660522003C898A /* User.swift */; };
		13AE7A5D216606D0003C898A /* StatusOr.swift in Sources */ = {isa = PBXBuildFile; fileRef = 13AE7A5C216606D0003C898A /* StatusOr.swift */; };
		13AE7A63216613AE003C898A /* StatusError.swift in Sources */ = {isa = PBXBuildFile; fileRef = 13AE7A62216613AE003C898A /* StatusError.swift */; };
		13AE7A6521661419003C898A /* ServerStatusCode.swift in Sources */ = {isa = PBXBuildFile; fileRef = 13AE7A6421661419003C898A /* ServerStatusCode.swift */; };
		13B74A70216AA4F100A64216 /* PostView.swift in Sources */ = {isa = PBXBuildFile; fileRef = 13B74A6F216AA4F100A64216 /* PostView.swift */; };
		13B74A72216ABF4D00A64216 /* PostView.xib in Resources */ = {isa = PBXBuildFile; fileRef = 13B74A71216ABF4C00A64216 /* PostView.xib */; };
		BA23FC6823BFDD08002911B5 /* MakePostView.xib in Resources */ = {isa = PBXBuildFile; fileRef = BA23FC6723BFDD08002911B5 /* MakePostView.xib */; };
		BA23FC6A23BFEB7A002911B5 /* MakePostView.swift in Sources */ = {isa = PBXBuildFile; fileRef = BA23FC6923BFEB7A002911B5 /* MakePostView.swift */; };
		BA376F242335E25200B66991 /* CommentFeedView.swift in Sources */ = {isa = PBXBuildFile; fileRef = BA376F232335E25200B66991 /* CommentFeedView.swift */; };
		BA376F28233752B200B66991 /* MenuViewController.swift in Sources */ = {isa = PBXBuildFile; fileRef = BA376F27233752B200B66991 /* MenuViewController.swift */; };
		BA376F2A23375B4C00B66991 /* MapViewController.swift in Sources */ = {isa = PBXBuildFile; fileRef = BA376F2923375B4C00B66991 /* MapViewController.swift */; };
		BA376F2C233765FF00B66991 /* PostFeedManager.swift in Sources */ = {isa = PBXBuildFile; fileRef = BA376F2B233765FF00B66991 /* PostFeedManager.swift */; };
		BA376F2E23376BB300B66991 /* PostFeedModalViewController.swift in Sources */ = {isa = PBXBuildFile; fileRef = BA376F2D23376BB300B66991 /* PostFeedModalViewController.swift */; };
		BA72FB8B24399F1800CDA654 /* SignInPageViewController.swift in Sources */ = {isa = PBXBuildFile; fileRef = BA72FB8A24399F1800CDA654 /* SignInPageViewController.swift */; };
		BA72FB8E2439B32800CDA654 /* LogInViewController.swift in Sources */ = {isa = PBXBuildFile; fileRef = BA72FB8D2439B32800CDA654 /* LogInViewController.swift */; };
		BA72FB902439BA2900CDA654 /* SignIn.storyboard in Resources */ = {isa = PBXBuildFile; fileRef = BA72FB8F2439BA2900CDA654 /* SignIn.storyboard */; };
		BA72FB922439C5D000CDA654 /* EmailViewController.swift in Sources */ = {isa = PBXBuildFile; fileRef = BA72FB912439C5D000CDA654 /* EmailViewController.swift */; };
		BA72FB942439C6B100CDA654 /* EmailAndUsernameViewController.swift in Sources */ = {isa = PBXBuildFile; fileRef = BA72FB932439C6B100CDA654 /* EmailAndUsernameViewController.swift */; };
		BA72FB962439C6C900CDA654 /* EnterPinCodeViewController.swift in Sources */ = {isa = PBXBuildFile; fileRef = BA72FB952439C6C900CDA654 /* EnterPinCodeViewController.swift */; };
		BA72FB982439D71400CDA654 /* WelcomeViewController.swift in Sources */ = {isa = PBXBuildFile; fileRef = BA72FB972439D71400CDA654 /* WelcomeViewController.swift */; };
		BAC2CA88233FF9A20051C6D8 /* MainPageViewController.swift in Sources */ = {isa = PBXBuildFile; fileRef = BAC2CA87233FF9A20051C6D8 /* MainPageViewController.swift */; };
		E067E56721D6A52600D3095D /* PopularViewController.swift in Sources */ = {isa = PBXBuildFile; fileRef = E067E56621D6A52600D3095D /* PopularViewController.swift */; };
		E0D91F3621D803F0007E6916 /* PopularCollectionViewCell.swift in Sources */ = {isa = PBXBuildFile; fileRef = E0D91F3521D803F0007E6916 /* PopularCollectionViewCell.swift */; };
		E0D91F3821D8A1C9007E6916 /* Location.swift in Sources */ = {isa = PBXBuildFile; fileRef = E0D91F3721D8A1C9007E6916 /* Location.swift */; };
/* End PBXBuildFile section */

/* Begin PBXFileReference section */
		138E934E216B31B5003DC7FA /* CommentsViewController.swift */ = {isa = PBXFileReference; fileEncoding = 4; lastKnownFileType = sourcecode.swift; path = CommentsViewController.swift; sourceTree = "<group>"; };
		138E9353216C1B49003DC7FA /* extensions.swift */ = {isa = PBXFileReference; fileEncoding = 4; lastKnownFileType = sourcecode.swift; path = extensions.swift; sourceTree = "<group>"; };
		138E9355216C1E58003DC7FA /* CommentView.swift */ = {isa = PBXFileReference; fileEncoding = 4; lastKnownFileType = sourcecode.swift; path = CommentView.swift; sourceTree = "<group>"; };
		138E9356216C1E58003DC7FA /* CommentView.xib */ = {isa = PBXFileReference; fileEncoding = 4; lastKnownFileType = file.xib; path = CommentView.xib; sourceTree = "<group>"; };
		13A3771E2167417A001EA8A2 /* ServerClient.swift */ = {isa = PBXFileReference; fileEncoding = 4; lastKnownFileType = sourcecode.swift; path = ServerClient.swift; sourceTree = "<group>"; };
		13A5CC7F2166E5B00026F7C7 /* Response.swift */ = {isa = PBXFileReference; fileEncoding = 4; lastKnownFileType = sourcecode.swift; path = Response.swift; sourceTree = "<group>"; };
		13AE7A3C2165F182003C898A /* Hive.app */ = {isa = PBXFileReference; explicitFileType = wrapper.application; includeInIndex = 0; path = Hive.app; sourceTree = BUILT_PRODUCTS_DIR; };
		13AE7A3F2165F182003C898A /* AppDelegate.swift */ = {isa = PBXFileReference; lastKnownFileType = sourcecode.swift; path = AppDelegate.swift; sourceTree = "<group>"; };
		13AE7A412165F182003C898A /* ViewController.swift */ = {isa = PBXFileReference; lastKnownFileType = sourcecode.swift; path = ViewController.swift; sourceTree = "<group>"; };
		13AE7A442165F182003C898A /* Base */ = {isa = PBXFileReference; lastKnownFileType = file.storyboard; name = Base; path = Base.lproj/Main.storyboard; sourceTree = "<group>"; };
		13AE7A462165F182003C898A /* Assets.xcassets */ = {isa = PBXFileReference; lastKnownFileType = folder.assetcatalog; path = Assets.xcassets; sourceTree = "<group>"; };
		13AE7A492165F182003C898A /* Base */ = {isa = PBXFileReference; lastKnownFileType = file.storyboard; name = Base; path = Base.lproj/LaunchScreen.storyboard; sourceTree = "<group>"; };
		13AE7A4B2165F182003C898A /* Info.plist */ = {isa = PBXFileReference; lastKnownFileType = text.plist.xml; path = Info.plist; sourceTree = "<group>"; };
		13AE7A522165F346003C898A /* ActionType.swift */ = {isa = PBXFileReference; fileEncoding = 4; lastKnownFileType = sourcecode.swift; path = ActionType.swift; sourceTree = "<group>"; };
		13AE7A542165F8BF003C898A /* Comment.swift */ = {isa = PBXFileReference; fileEncoding = 4; lastKnownFileType = sourcecode.swift; path = Comment.swift; sourceTree = "<group>"; };
		13AE7A562165FBE7003C898A /* Post.swift */ = {isa = PBXFileReference; fileEncoding = 4; lastKnownFileType = sourcecode.swift; path = Post.swift; sourceTree = "<group>"; };
		13AE7A5821660074003C898A /* UtilityBelt.swift */ = {isa = PBXFileReference; fileEncoding = 4; lastKnownFileType = sourcecode.swift; path = UtilityBelt.swift; sourceTree = "<group>"; };
		13AE7A5A21660522003C898A /* User.swift */ = {isa = PBXFileReference; fileEncoding = 4; lastKnownFileType = sourcecode.swift; path = User.swift; sourceTree = "<group>"; };
		13AE7A5C216606D0003C898A /* StatusOr.swift */ = {isa = PBXFileReference; fileEncoding = 4; lastKnownFileType = sourcecode.swift; path = StatusOr.swift; sourceTree = "<group>"; };
		13AE7A62216613AE003C898A /* StatusError.swift */ = {isa = PBXFileReference; fileEncoding = 4; lastKnownFileType = sourcecode.swift; path = StatusError.swift; sourceTree = "<group>"; };
		13AE7A6421661419003C898A /* ServerStatusCode.swift */ = {isa = PBXFileReference; fileEncoding = 4; lastKnownFileType = sourcecode.swift; path = ServerStatusCode.swift; sourceTree = "<group>"; };
		13B74A6F216AA4F100A64216 /* PostView.swift */ = {isa = PBXFileReference; fileEncoding = 4; lastKnownFileType = sourcecode.swift; path = PostView.swift; sourceTree = "<group>"; };
		13B74A71216ABF4C00A64216 /* PostView.xib */ = {isa = PBXFileReference; fileEncoding = 4; lastKnownFileType = file.xib; path = PostView.xib; sourceTree = "<group>"; };
		BA23FC6723BFDD08002911B5 /* MakePostView.xib */ = {isa = PBXFileReference; lastKnownFileType = file.xib; path = MakePostView.xib; sourceTree = "<group>"; };
		BA23FC6923BFEB7A002911B5 /* MakePostView.swift */ = {isa = PBXFileReference; lastKnownFileType = sourcecode.swift; path = MakePostView.swift; sourceTree = "<group>"; };
		BA376F232335E25200B66991 /* CommentFeedView.swift */ = {isa = PBXFileReference; lastKnownFileType = sourcecode.swift; path = CommentFeedView.swift; sourceTree = "<group>"; };
		BA376F27233752B200B66991 /* MenuViewController.swift */ = {isa = PBXFileReference; lastKnownFileType = sourcecode.swift; path = MenuViewController.swift; sourceTree = "<group>"; };
		BA376F2923375B4C00B66991 /* MapViewController.swift */ = {isa = PBXFileReference; lastKnownFileType = sourcecode.swift; path = MapViewController.swift; sourceTree = "<group>"; };
		BA376F2B233765FF00B66991 /* PostFeedManager.swift */ = {isa = PBXFileReference; lastKnownFileType = sourcecode.swift; path = PostFeedManager.swift; sourceTree = "<group>"; };
		BA376F2D23376BB300B66991 /* PostFeedModalViewController.swift */ = {isa = PBXFileReference; lastKnownFileType = sourcecode.swift; path = PostFeedModalViewController.swift; sourceTree = "<group>"; };
		BA72FB8A24399F1800CDA654 /* SignInPageViewController.swift */ = {isa = PBXFileReference; lastKnownFileType = sourcecode.swift; path = SignInPageViewController.swift; sourceTree = "<group>"; };
		BA72FB8D2439B32800CDA654 /* LogInViewController.swift */ = {isa = PBXFileReference; lastKnownFileType = sourcecode.swift; path = LogInViewController.swift; sourceTree = "<group>"; };
		BA72FB8F2439BA2900CDA654 /* SignIn.storyboard */ = {isa = PBXFileReference; lastKnownFileType = file.storyboard; path = SignIn.storyboard; sourceTree = "<group>"; };
		BA72FB912439C5D000CDA654 /* EmailViewController.swift */ = {isa = PBXFileReference; lastKnownFileType = sourcecode.swift; path = EmailViewController.swift; sourceTree = "<group>"; };
		BA72FB932439C6B100CDA654 /* EmailAndUsernameViewController.swift */ = {isa = PBXFileReference; fileEncoding = 4; lastKnownFileType = sourcecode.swift; path = EmailAndUsernameViewController.swift; sourceTree = "<group>"; };
		BA72FB952439C6C900CDA654 /* EnterPinCodeViewController.swift */ = {isa = PBXFileReference; fileEncoding = 4; lastKnownFileType = sourcecode.swift; path = EnterPinCodeViewController.swift; sourceTree = "<group>"; };
		BA72FB972439D71400CDA654 /* WelcomeViewController.swift */ = {isa = PBXFileReference; lastKnownFileType = sourcecode.swift; path = WelcomeViewController.swift; sourceTree = "<group>"; };
		BAC2CA87233FF9A20051C6D8 /* MainPageViewController.swift */ = {isa = PBXFileReference; lastKnownFileType = sourcecode.swift; path = MainPageViewController.swift; sourceTree = "<group>"; };
		E067E56621D6A52600D3095D /* PopularViewController.swift */ = {isa = PBXFileReference; lastKnownFileType = sourcecode.swift; path = PopularViewController.swift; sourceTree = "<group>"; };
		E0D91F3521D803F0007E6916 /* PopularCollectionViewCell.swift */ = {isa = PBXFileReference; lastKnownFileType = sourcecode.swift; path = PopularCollectionViewCell.swift; sourceTree = "<group>"; };
		E0D91F3721D8A1C9007E6916 /* Location.swift */ = {isa = PBXFileReference; lastKnownFileType = sourcecode.swift; path = Location.swift; sourceTree = "<group>"; };
/* End PBXFileReference section */

/* Begin PBXFrameworksBuildPhase section */
		13AE7A392165F182003C898A /* Frameworks */ = {
			isa = PBXFrameworksBuildPhase;
			buildActionMask = 2147483647;
			files = (
			);
			runOnlyForDeploymentPostprocessing = 0;
		};
/* End PBXFrameworksBuildPhase section */

/* Begin PBXGroup section */
		138E9350216B34EF003DC7FA /* storybords */ = {
			isa = PBXGroup;
			children = (
				13AE7A432165F182003C898A /* Main.storyboard */,
				13AE7A482165F182003C898A /* LaunchScreen.storyboard */,
				BA72FB8F2439BA2900CDA654 /* SignIn.storyboard */,
			);
			name = storybords;
			sourceTree = "<group>";
		};
		138E9351216B350A003DC7FA /* controllers */ = {
			isa = PBXGroup;
			children = (
				13AE7A412165F182003C898A /* ViewController.swift */,
				138E934E216B31B5003DC7FA /* CommentsViewController.swift */,
				E067E56621D6A52600D3095D /* PopularViewController.swift */,
				BA376F27233752B200B66991 /* MenuViewController.swift */,
				BA376F2923375B4C00B66991 /* MapViewController.swift */,
				BA376F2D23376BB300B66991 /* PostFeedModalViewController.swift */,
				BAC2CA87233FF9A20051C6D8 /* MainPageViewController.swift */,
			);
			name = controllers;
			sourceTree = "<group>";
		};
		138E9352216B3518003DC7FA /* xibs */ = {
			isa = PBXGroup;
			children = (
				138E9356216C1E58003DC7FA /* CommentView.xib */,
				13B74A71216ABF4C00A64216 /* PostView.xib */,
				BA23FC6723BFDD08002911B5 /* MakePostView.xib */,
			);
			name = xibs;
			sourceTree = "<group>";
		};
		13AE7A332165F182003C898A = {
			isa = PBXGroup;
			children = (
				13AE7A3E2165F182003C898A /* Hive */,
				13AE7A3D2165F182003C898A /* Products */,
			);
			sourceTree = "<group>";
		};
		13AE7A3D2165F182003C898A /* Products */ = {
			isa = PBXGroup;
			children = (
				13AE7A3C2165F182003C898A /* Hive.app */,
			);
			name = Products;
			sourceTree = "<group>";
		};
		13AE7A3E2165F182003C898A /* Hive */ = {
			isa = PBXGroup;
			children = (
				BA72FB8C2439B13500CDA654 /* signInControllers */,
				138E9352216B3518003DC7FA /* xibs */,
				138E9351216B350A003DC7FA /* controllers */,
				138E9350216B34EF003DC7FA /* storybords */,
				13CA13072168B57C001DFD2B /* customViews */,
				13AE7A512165F30E003C898A /* client */,
				13AE7A3F2165F182003C898A /* AppDelegate.swift */,
				13AE7A462165F182003C898A /* Assets.xcassets */,
				13AE7A4B2165F182003C898A /* Info.plist */,
				138E9353216C1B49003DC7FA /* extensions.swift */,
			);
			path = Hive;
			sourceTree = "<group>";
		};
		13AE7A512165F30E003C898A /* client */ = {
			isa = PBXGroup;
			children = (
				13AE7A522165F346003C898A /* ActionType.swift */,
				13AE7A542165F8BF003C898A /* Comment.swift */,
				13AE7A562165FBE7003C898A /* Post.swift */,
				13AE7A5821660074003C898A /* UtilityBelt.swift */,
				13AE7A5A21660522003C898A /* User.swift */,
				13AE7A5C216606D0003C898A /* StatusOr.swift */,
				13AE7A62216613AE003C898A /* StatusError.swift */,
				13AE7A6421661419003C898A /* ServerStatusCode.swift */,
				13A5CC7F2166E5B00026F7C7 /* Response.swift */,
				13A3771E2167417A001EA8A2 /* ServerClient.swift */,
				E0D91F3721D8A1C9007E6916 /* Location.swift */,
			);
			name = client;
			sourceTree = "<group>";
		};
		13CA13072168B57C001DFD2B /* customViews */ = {
			isa = PBXGroup;
			children = (
				13B74A6F216AA4F100A64216 /* PostView.swift */,
				138E9355216C1E58003DC7FA /* CommentView.swift */,
				E0D91F3521D803F0007E6916 /* PopularCollectionViewCell.swift */,
				BA376F2B233765FF00B66991 /* PostFeedManager.swift */,
				BA376F232335E25200B66991 /* CommentFeedView.swift */,
				BA23FC6923BFEB7A002911B5 /* MakePostView.swift */,
			);
			name = customViews;
			sourceTree = "<group>";
		};
		BA72FB8C2439B13500CDA654 /* signInControllers */ = {
			isa = PBXGroup;
			children = (
				BA72FB8A24399F1800CDA654 /* SignInPageViewController.swift */,
				BA72FB8D2439B32800CDA654 /* LogInViewController.swift */,
				BA72FB912439C5D000CDA654 /* EmailViewController.swift */,
				BA72FB952439C6C900CDA654 /* EnterPinCodeViewController.swift */,
				BA72FB932439C6B100CDA654 /* EmailAndUsernameViewController.swift */,
				BA72FB972439D71400CDA654 /* WelcomeViewController.swift */,
			);
			name = signInControllers;
			sourceTree = "<group>";
		};
/* End PBXGroup section */

/* Begin PBXNativeTarget section */
		13AE7A3B2165F182003C898A /* Hive */ = {
			isa = PBXNativeTarget;
			buildConfigurationList = 13AE7A4E2165F182003C898A /* Build configuration list for PBXNativeTarget "Hive" */;
			buildPhases = (
				13AE7A382165F182003C898A /* Sources */,
				13AE7A392165F182003C898A /* Frameworks */,
				13AE7A3A2165F182003C898A /* Resources */,
			);
			buildRules = (
			);
			dependencies = (
			);
			name = Hive;
			productName = Hive;
			productReference = 13AE7A3C2165F182003C898A /* Hive.app */;
			productType = "com.apple.product-type.application";
		};
/* End PBXNativeTarget section */

/* Begin PBXProject section */
		13AE7A342165F182003C898A /* Project object */ = {
			isa = PBXProject;
			attributes = {
				LastSwiftUpdateCheck = 0820;
				LastUpgradeCheck = 1030;
				ORGANIZATIONNAME = "Chuck Onwuzuruike";
				TargetAttributes = {
					13AE7A3B2165F182003C898A = {
						CreatedOnToolsVersion = 8.2.1;
						DevelopmentTeam = QCA89HER85;
						ProvisioningStyle = Automatic;
					};
				};
			};
			buildConfigurationList = 13AE7A372165F182003C898A /* Build configuration list for PBXProject "Hive" */;
			compatibilityVersion = "Xcode 3.2";
			developmentRegion = en;
			hasScannedForEncodings = 0;
			knownRegions = (
				en,
				Base,
			);
			mainGroup = 13AE7A332165F182003C898A;
			productRefGroup = 13AE7A3D2165F182003C898A /* Products */;
			projectDirPath = "";
			projectRoot = "";
			targets = (
				13AE7A3B2165F182003C898A /* Hive */,
			);
		};
/* End PBXProject section */

/* Begin PBXResourcesBuildPhase section */
		13AE7A3A2165F182003C898A /* Resources */ = {
			isa = PBXResourcesBuildPhase;
			buildActionMask = 2147483647;
			files = (
				BA72FB902439BA2900CDA654 /* SignIn.storyboard in Resources */,
				13AE7A4A2165F182003C898A /* LaunchScreen.storyboard in Resources */,
				138E9358216C1E58003DC7FA /* CommentView.xib in Resources */,
				13AE7A472165F182003C898A /* Assets.xcassets in Resources */,
				13B74A72216ABF4D00A64216 /* PostView.xib in Resources */,
				BA23FC6823BFDD08002911B5 /* MakePostView.xib in Resources */,
				13AE7A452165F182003C898A /* Main.storyboard in Resources */,
			);
			runOnlyForDeploymentPostprocessing = 0;
		};
/* End PBXResourcesBuildPhase section */

/* Begin PBXSourcesBuildPhase section */
		13AE7A382165F182003C898A /* Sources */ = {
			isa = PBXSourcesBuildPhase;
			buildActionMask = 2147483647;
			files = (
				13AE7A63216613AE003C898A /* StatusError.swift in Sources */,
				BA72FB982439D71400CDA654 /* WelcomeViewController.swift in Sources */,
				BA376F2E23376BB300B66991 /* PostFeedModalViewController.swift in Sources */,
				13AE7A422165F182003C898A /* ViewController.swift in Sources */,
				138E934F216B31B5003DC7FA /* CommentsViewController.swift in Sources */,
				13AE7A5921660074003C898A /* UtilityBelt.swift in Sources */,
				13AE7A6521661419003C898A /* ServerStatusCode.swift in Sources */,
				BA376F2C233765FF00B66991 /* PostFeedManager.swift in Sources */,
				138E9354216C1B49003DC7FA /* extensions.swift in Sources */,
				E0D91F3621D803F0007E6916 /* PopularCollectionViewCell.swift in Sources */,
				13A3771F2167417A001EA8A2 /* ServerClient.swift in Sources */,
				BA376F2A23375B4C00B66991 /* MapViewController.swift in Sources */,
				13AE7A532165F346003C898A /* ActionType.swift in Sources */,
				BA23FC6A23BFEB7A002911B5 /* MakePostView.swift in Sources */,
				13AE7A402165F182003C898A /* AppDelegate.swift in Sources */,
				BA376F242335E25200B66991 /* CommentFeedView.swift in Sources */,
				BA72FB8B24399F1800CDA654 /* SignInPageViewController.swift in Sources */,
				13A5CC802166E5B10026F7C7 /* Response.swift in Sources */,
				BA72FB922439C5D000CDA654 /* EmailViewController.swift in Sources */,
				138E9357216C1E58003DC7FA /* CommentView.swift in Sources */,
				BA72FB962439C6C900CDA654 /* EnterPinCodeViewController.swift in Sources */,
				13AE7A552165F8BF003C898A /* Comment.swift in Sources */,
				BA376F28233752B200B66991 /* MenuViewController.swift in Sources */,
				13AE7A572165FBE7003C898A /* Post.swift in Sources */,
				E0D91F3821D8A1C9007E6916 /* Location.swift in Sources */,
				BA72FB942439C6B100CDA654 /* EmailAndUsernameViewController.swift in Sources */,
				BAC2CA88233FF9A20051C6D8 /* MainPageViewController.swift in Sources */,
				13B74A70216AA4F100A64216 /* PostView.swift in Sources */,
				BA72FB8E2439B32800CDA654 /* LogInViewController.swift in Sources */,
				13AE7A5D216606D0003C898A /* StatusOr.swift in Sources */,
				E067E56721D6A52600D3095D /* PopularViewController.swift in Sources */,
				13AE7A5B21660522003C898A /* User.swift in Sources */,
			);
			runOnlyForDeploymentPostprocessing = 0;
		};
/* End PBXSourcesBuildPhase section */

/* Begin PBXVariantGroup section */
		13AE7A432165F182003C898A /* Main.storyboard */ = {
			isa = PBXVariantGroup;
			children = (
				13AE7A442165F182003C898A /* Base */,
			);
			name = Main.storyboard;
			sourceTree = "<group>";
		};
		13AE7A482165F182003C898A /* LaunchScreen.storyboard */ = {
			isa = PBXVariantGroup;
			children = (
				13AE7A492165F182003C898A /* Base */,
			);
			name = LaunchScreen.storyboard;
			sourceTree = "<group>";
		};
/* End PBXVariantGroup section */

/* Begin XCBuildConfiguration section */
		13AE7A4C2165F182003C898A /* Debug */ = {
			isa = XCBuildConfiguration;
			buildSettings = {
				ALWAYS_SEARCH_USER_PATHS = NO;
				CLANG_ANALYZER_NONNULL = YES;
				CLANG_CXX_LANGUAGE_STANDARD = "gnu++0x";
				CLANG_CXX_LIBRARY = "libc++";
				CLANG_ENABLE_MODULES = YES;
				CLANG_ENABLE_OBJC_ARC = YES;
				CLANG_WARN_BLOCK_CAPTURE_AUTORELEASING = YES;
				CLANG_WARN_BOOL_CONVERSION = YES;
				CLANG_WARN_COMMA = YES;
				CLANG_WARN_CONSTANT_CONVERSION = YES;
				CLANG_WARN_DEPRECATED_OBJC_IMPLEMENTATIONS = YES;
				CLANG_WARN_DIRECT_OBJC_ISA_USAGE = YES_ERROR;
				CLANG_WARN_DOCUMENTATION_COMMENTS = YES;
				CLANG_WARN_EMPTY_BODY = YES;
				CLANG_WARN_ENUM_CONVERSION = YES;
				CLANG_WARN_INFINITE_RECURSION = YES;
				CLANG_WARN_INT_CONVERSION = YES;
				CLANG_WARN_NON_LITERAL_NULL_CONVERSION = YES;
				CLANG_WARN_OBJC_IMPLICIT_RETAIN_SELF = YES;
				CLANG_WARN_OBJC_LITERAL_CONVERSION = YES;
				CLANG_WARN_OBJC_ROOT_CLASS = YES_ERROR;
				CLANG_WARN_RANGE_LOOP_ANALYSIS = YES;
				CLANG_WARN_STRICT_PROTOTYPES = YES;
				CLANG_WARN_SUSPICIOUS_MOVE = YES;
				CLANG_WARN_UNREACHABLE_CODE = YES;
				CLANG_WARN__DUPLICATE_METHOD_MATCH = YES;
				"CODE_SIGN_IDENTITY[sdk=iphoneos*]" = "iPhone Developer";
				COPY_PHASE_STRIP = NO;
				DEBUG_INFORMATION_FORMAT = dwarf;
				ENABLE_STRICT_OBJC_MSGSEND = YES;
				ENABLE_TESTABILITY = YES;
				GCC_C_LANGUAGE_STANDARD = gnu99;
				GCC_DYNAMIC_NO_PIC = NO;
				GCC_NO_COMMON_BLOCKS = YES;
				GCC_OPTIMIZATION_LEVEL = 0;
				GCC_PREPROCESSOR_DEFINITIONS = (
					"DEBUG=1",
					"$(inherited)",
				);
				GCC_WARN_64_TO_32_BIT_CONVERSION = YES;
				GCC_WARN_ABOUT_RETURN_TYPE = YES_ERROR;
				GCC_WARN_UNDECLARED_SELECTOR = YES;
				GCC_WARN_UNINITIALIZED_AUTOS = YES_AGGRESSIVE;
				GCC_WARN_UNUSED_FUNCTION = YES;
				GCC_WARN_UNUSED_VARIABLE = YES;
				IPHONEOS_DEPLOYMENT_TARGET = 10.2;
				MTL_ENABLE_DEBUG_INFO = YES;
				ONLY_ACTIVE_ARCH = YES;
				SDKROOT = iphoneos;
				SWIFT_ACTIVE_COMPILATION_CONDITIONS = DEBUG;
				SWIFT_OPTIMIZATION_LEVEL = "-Onone";
			};
			name = Debug;
		};
		13AE7A4D2165F182003C898A /* Release */ = {
			isa = XCBuildConfiguration;
			buildSettings = {
				ALWAYS_SEARCH_USER_PATHS = NO;
				CLANG_ANALYZER_NONNULL = YES;
				CLANG_CXX_LANGUAGE_STANDARD = "gnu++0x";
				CLANG_CXX_LIBRARY = "libc++";
				CLANG_ENABLE_MODULES = YES;
				CLANG_ENABLE_OBJC_ARC = YES;
				CLANG_WARN_BLOCK_CAPTURE_AUTORELEASING = YES;
				CLANG_WARN_BOOL_CONVERSION = YES;
				CLANG_WARN_COMMA = YES;
				CLANG_WARN_CONSTANT_CONVERSION = YES;
				CLANG_WARN_DEPRECATED_OBJC_IMPLEMENTATIONS = YES;
				CLANG_WARN_DIRECT_OBJC_ISA_USAGE = YES_ERROR;
				CLANG_WARN_DOCUMENTATION_COMMENTS = YES;
				CLANG_WARN_EMPTY_BODY = YES;
				CLANG_WARN_ENUM_CONVERSION = YES;
				CLANG_WARN_INFINITE_RECURSION = YES;
				CLANG_WARN_INT_CONVERSION = YES;
				CLANG_WARN_NON_LITERAL_NULL_CONVERSION = YES;
				CLANG_WARN_OBJC_IMPLICIT_RETAIN_SELF = YES;
				CLANG_WARN_OBJC_LITERAL_CONVERSION = YES;
				CLANG_WARN_OBJC_ROOT_CLASS = YES_ERROR;
				CLANG_WARN_RANGE_LOOP_ANALYSIS = YES;
				CLANG_WARN_STRICT_PROTOTYPES = YES;
				CLANG_WARN_SUSPICIOUS_MOVE = YES;
				CLANG_WARN_UNREACHABLE_CODE = YES;
				CLANG_WARN__DUPLICATE_METHOD_MATCH = YES;
				"CODE_SIGN_IDENTITY[sdk=iphoneos*]" = "iPhone Developer";
				COPY_PHASE_STRIP = NO;
				DEBUG_INFORMATION_FORMAT = "dwarf-with-dsym";
				ENABLE_NS_ASSERTIONS = NO;
				ENABLE_STRICT_OBJC_MSGSEND = YES;
				GCC_C_LANGUAGE_STANDARD = gnu99;
				GCC_NO_COMMON_BLOCKS = YES;
				GCC_WARN_64_TO_32_BIT_CONVERSION = YES;
				GCC_WARN_ABOUT_RETURN_TYPE = YES_ERROR;
				GCC_WARN_UNDECLARED_SELECTOR = YES;
				GCC_WARN_UNINITIALIZED_AUTOS = YES_AGGRESSIVE;
				GCC_WARN_UNUSED_FUNCTION = YES;
				GCC_WARN_UNUSED_VARIABLE = YES;
				IPHONEOS_DEPLOYMENT_TARGET = 10.2;
				MTL_ENABLE_DEBUG_INFO = NO;
				SDKROOT = iphoneos;
				SWIFT_OPTIMIZATION_LEVEL = "-Owholemodule";
				VALIDATE_PRODUCT = YES;
			};
			name = Release;
		};
		13AE7A4F2165F182003C898A /* Debug */ = {
			isa = XCBuildConfiguration;
			buildSettings = {
				ASSETCATALOG_COMPILER_APPICON_NAME = AppIcon;
				DEVELOPMENT_TEAM = QCA89HER85;
				INFOPLIST_FILE = Hive/Info.plist;
				LD_RUNPATH_SEARCH_PATHS = "$(inherited) @executable_path/Frameworks";
				PRODUCT_BUNDLE_IDENTIFIER = devcolorcoded.Hive;
				PRODUCT_NAME = "$(TARGET_NAME)";
				SWIFT_VERSION = 5.0;
			};
			name = Debug;
		};
		13AE7A502165F182003C898A /* Release */ = {
			isa = XCBuildConfiguration;
			buildSettings = {
				ASSETCATALOG_COMPILER_APPICON_NAME = AppIcon;
				DEVELOPMENT_TEAM = QCA89HER85;
				INFOPLIST_FILE = Hive/Info.plist;
				LD_RUNPATH_SEARCH_PATHS = "$(inherited) @executable_path/Frameworks";
				PRODUCT_BUNDLE_IDENTIFIER = devcolorcoded.Hive;
				PRODUCT_NAME = "$(TARGET_NAME)";
				SWIFT_VERSION = 5.0;
			};
			name = Release;
		};
/* End XCBuildConfiguration section */

/* Begin XCConfigurationList section */
		13AE7A372165F182003C898A /* Build configuration list for PBXProject "Hive" */ = {
			isa = XCConfigurationList;
			buildConfigurations = (
				13AE7A4C2165F182003C898A /* Debug */,
				13AE7A4D2165F182003C898A /* Release */,
			);
			defaultConfigurationIsVisible = 0;
			defaultConfigurationName = Release;
		};
		13AE7A4E2165F182003C898A /* Build configuration list for PBXNativeTarget "Hive" */ = {
			isa = XCConfigurationList;
			buildConfigurations = (
				13AE7A4F2165F182003C898A /* Debug */,
				13AE7A502165F182003C898A /* Release */,
			);
			defaultConfigurationIsVisible = 0;
			defaultConfigurationName = Release;
		};
/* End XCConfigurationList section */
	};
	rootObject = 13AE7A342165F182003C898A /* Project object */;
}
